// !$*UTF8*$!
{
	archiveVersion = 1;
	classes = {
	};
	objectVersion = 50;
	objects = {

/* Begin PBXBuildFile section */
		8F9612E326F59389001CE2E8 /* PowerfulVirtualBackgroundApp.swift in Sources */ = {isa = PBXBuildFile; fileRef = 8F9612E226F59389001CE2E8 /* PowerfulVirtualBackgroundApp.swift */; };
		8F9612E526F59389001CE2E8 /* ContentView.swift in Sources */ = {isa = PBXBuildFile; fileRef = 8F9612E426F59389001CE2E8 /* ContentView.swift */; };
		8F9612E726F5938B001CE2E8 /* Assets.xcassets in Resources */ = {isa = PBXBuildFile; fileRef = 8F9612E626F5938B001CE2E8 /* Assets.xcassets */; };
		8F9612EA26F5938B001CE2E8 /* Preview Assets.xcassets in Resources */ = {isa = PBXBuildFile; fileRef = 8F9612E926F5938B001CE2E8 /* Preview Assets.xcassets */; };
		8F9612F626F5938C001CE2E8 /* PowerfulVirtualBackgroundTests.swift in Sources */ = {isa = PBXBuildFile; fileRef = 8F9612F526F5938C001CE2E8 /* PowerfulVirtualBackgroundTests.swift */; };
		8F96130126F5938C001CE2E8 /* PowerfulVirtualBackgroundUITests.swift in Sources */ = {isa = PBXBuildFile; fileRef = 8F96130026F5938C001CE2E8 /* PowerfulVirtualBackgroundUITests.swift */; };
		8F96130F26F5961B001CE2E8 /* CameraPreview.swift in Sources */ = {isa = PBXBuildFile; fileRef = 8F96130E26F5961B001CE2E8 /* CameraPreview.swift */; };
		8F96131126F5970B001CE2E8 /* CameraPreviewInternal.swift in Sources */ = {isa = PBXBuildFile; fileRef = 8F96131026F5970B001CE2E8 /* CameraPreviewInternal.swift */; };
		8F96131326F59A23001CE2E8 /* Config.swift in Sources */ = {isa = PBXBuildFile; fileRef = 8F96131226F59A23001CE2E8 /* Config.swift */; };
		8F96131D26F616AE001CE2E8 /* rvm_mobilenetv3_1280x720_s0.375_fp16.mlmodel in Sources */ = {isa = PBXBuildFile; fileRef = 8F96131C26F616AE001CE2E8 /* rvm_mobilenetv3_1280x720_s0.375_fp16.mlmodel */; };
		8F96131F26F61FBE001CE2E8 /* Image+Extension.swift in Sources */ = {isa = PBXBuildFile; fileRef = 8F96131E26F61FBE001CE2E8 /* Image+Extension.swift */; };
/* End PBXBuildFile section */

/* Begin PBXContainerItemProxy section */
		8F9612F226F5938C001CE2E8 /* PBXContainerItemProxy */ = {
			isa = PBXContainerItemProxy;
			containerPortal = 8F9612D726F59389001CE2E8 /* Project object */;
			proxyType = 1;
			remoteGlobalIDString = 8F9612DE26F59389001CE2E8;
			remoteInfo = PowerfulVirtualBackground;
		};
		8F9612FD26F5938C001CE2E8 /* PBXContainerItemProxy */ = {
			isa = PBXContainerItemProxy;
			containerPortal = 8F9612D726F59389001CE2E8 /* Project object */;
			proxyType = 1;
			remoteGlobalIDString = 8F9612DE26F59389001CE2E8;
			remoteInfo = PowerfulVirtualBackground;
		};
/* End PBXContainerItemProxy section */

/* Begin PBXFileReference section */
		8F9612DF26F59389001CE2E8 /* PowerfulVirtualBackground.app */ = {isa = PBXFileReference; explicitFileType = wrapper.application; includeInIndex = 0; path = PowerfulVirtualBackground.app; sourceTree = BUILT_PRODUCTS_DIR; };
		8F9612E226F59389001CE2E8 /* PowerfulVirtualBackgroundApp.swift */ = {isa = PBXFileReference; lastKnownFileType = sourcecode.swift; path = PowerfulVirtualBackgroundApp.swift; sourceTree = "<group>"; };
		8F9612E426F59389001CE2E8 /* ContentView.swift */ = {isa = PBXFileReference; lastKnownFileType = sourcecode.swift; path = ContentView.swift; sourceTree = "<group>"; };
		8F9612E626F5938B001CE2E8 /* Assets.xcassets */ = {isa = PBXFileReference; lastKnownFileType = folder.assetcatalog; path = Assets.xcassets; sourceTree = "<group>"; };
		8F9612E926F5938B001CE2E8 /* Preview Assets.xcassets */ = {isa = PBXFileReference; lastKnownFileType = folder.assetcatalog; path = "Preview Assets.xcassets"; sourceTree = "<group>"; };
		8F9612EB26F5938B001CE2E8 /* Info.plist */ = {isa = PBXFileReference; lastKnownFileType = text.plist.xml; path = Info.plist; sourceTree = "<group>"; };
		8F9612EC26F5938B001CE2E8 /* PowerfulVirtualBackground.entitlements */ = {isa = PBXFileReference; lastKnownFileType = text.plist.entitlements; path = PowerfulVirtualBackground.entitlements; sourceTree = "<group>"; };
		8F9612F126F5938C001CE2E8 /* PowerfulVirtualBackgroundTests.xctest */ = {isa = PBXFileReference; explicitFileType = wrapper.cfbundle; includeInIndex = 0; path = PowerfulVirtualBackgroundTests.xctest; sourceTree = BUILT_PRODUCTS_DIR; };
		8F9612F526F5938C001CE2E8 /* PowerfulVirtualBackgroundTests.swift */ = {isa = PBXFileReference; lastKnownFileType = sourcecode.swift; path = PowerfulVirtualBackgroundTests.swift; sourceTree = "<group>"; };
		8F9612F726F5938C001CE2E8 /* Info.plist */ = {isa = PBXFileReference; lastKnownFileType = text.plist.xml; path = Info.plist; sourceTree = "<group>"; };
		8F9612FC26F5938C001CE2E8 /* PowerfulVirtualBackgroundUITests.xctest */ = {isa = PBXFileReference; explicitFileType = wrapper.cfbundle; includeInIndex = 0; path = PowerfulVirtualBackgroundUITests.xctest; sourceTree = BUILT_PRODUCTS_DIR; };
		8F96130026F5938C001CE2E8 /* PowerfulVirtualBackgroundUITests.swift */ = {isa = PBXFileReference; lastKnownFileType = sourcecode.swift; path = PowerfulVirtualBackgroundUITests.swift; sourceTree = "<group>"; };
		8F96130226F5938C001CE2E8 /* Info.plist */ = {isa = PBXFileReference; lastKnownFileType = text.plist.xml; path = Info.plist; sourceTree = "<group>"; };
		8F96130E26F5961B001CE2E8 /* CameraPreview.swift */ = {isa = PBXFileReference; lastKnownFileType = sourcecode.swift; path = CameraPreview.swift; sourceTree = "<group>"; };
		8F96131026F5970B001CE2E8 /* CameraPreviewInternal.swift */ = {isa = PBXFileReference; lastKnownFileType = sourcecode.swift; path = CameraPreviewInternal.swift; sourceTree = "<group>"; };
		8F96131226F59A23001CE2E8 /* Config.swift */ = {isa = PBXFileReference; lastKnownFileType = sourcecode.swift; path = Config.swift; sourceTree = "<group>"; };
		8F96131C26F616AE001CE2E8 /* rvm_mobilenetv3_1280x720_s0.375_fp16.mlmodel */ = {isa = PBXFileReference; lastKnownFileType = file.mlmodel; path = rvm_mobilenetv3_1280x720_s0.375_fp16.mlmodel; sourceTree = "<group>"; };
		8F96131E26F61FBE001CE2E8 /* Image+Extension.swift */ = {isa = PBXFileReference; lastKnownFileType = sourcecode.swift; path = "Image+Extension.swift"; sourceTree = "<group>"; };
/* End PBXFileReference section */

/* Begin PBXFrameworksBuildPhase section */
		8F9612DC26F59389001CE2E8 /* Frameworks */ = {
			isa = PBXFrameworksBuildPhase;
			buildActionMask = 2147483647;
			files = (
			);
			runOnlyForDeploymentPostprocessing = 0;
		};
		8F9612EE26F5938C001CE2E8 /* Frameworks */ = {
			isa = PBXFrameworksBuildPhase;
			buildActionMask = 2147483647;
			files = (
			);
			runOnlyForDeploymentPostprocessing = 0;
		};
		8F9612F926F5938C001CE2E8 /* Frameworks */ = {
			isa = PBXFrameworksBuildPhase;
			buildActionMask = 2147483647;
			files = (
			);
			runOnlyForDeploymentPostprocessing = 0;
		};
/* End PBXFrameworksBuildPhase section */

/* Begin PBXGroup section */
		8F9612D626F59389001CE2E8 = {
			isa = PBXGroup;
			children = (
				8F9612E126F59389001CE2E8 /* PowerfulVirtualBackground */,
				8F9612F426F5938C001CE2E8 /* PowerfulVirtualBackgroundTests */,
				8F9612FF26F5938C001CE2E8 /* PowerfulVirtualBackgroundUITests */,
				8F9612E026F59389001CE2E8 /* Products */,
			);
			sourceTree = "<group>";
		};
		8F9612E026F59389001CE2E8 /* Products */ = {
			isa = PBXGroup;
			children = (
				8F9612DF26F59389001CE2E8 /* PowerfulVirtualBackground.app */,
				8F9612F126F5938C001CE2E8 /* PowerfulVirtualBackgroundTests.xctest */,
				8F9612FC26F5938C001CE2E8 /* PowerfulVirtualBackgroundUITests.xctest */,
			);
			name = Products;
			sourceTree = "<group>";
		};
		8F9612E126F59389001CE2E8 /* PowerfulVirtualBackground */ = {
			isa = PBXGroup;
			children = (
				8F9612E226F59389001CE2E8 /* PowerfulVirtualBackgroundApp.swift */,
				8F9612E426F59389001CE2E8 /* ContentView.swift */,
				8F9612E626F5938B001CE2E8 /* Assets.xcassets */,
				8F9612EB26F5938B001CE2E8 /* Info.plist */,
				8F9612EC26F5938B001CE2E8 /* PowerfulVirtualBackground.entitlements */,
				8F9612E826F5938B001CE2E8 /* Preview Content */,
				8F96130E26F5961B001CE2E8 /* CameraPreview.swift */,
				8F96131026F5970B001CE2E8 /* CameraPreviewInternal.swift */,
				8F96131226F59A23001CE2E8 /* Config.swift */,
				8F96131C26F616AE001CE2E8 /* rvm_mobilenetv3_1280x720_s0.375_fp16.mlmodel */,
				8F96131E26F61FBE001CE2E8 /* Image+Extension.swift */,
			);
			path = PowerfulVirtualBackground;
			sourceTree = "<group>";
		};
		8F9612E826F5938B001CE2E8 /* Preview Content */ = {
			isa = PBXGroup;
			children = (
				8F9612E926F5938B001CE2E8 /* Preview Assets.xcassets */,
			);
			path = "Preview Content";
			sourceTree = "<group>";
		};
		8F9612F426F5938C001CE2E8 /* PowerfulVirtualBackgroundTests */ = {
			isa = PBXGroup;
			children = (
				8F9612F526F5938C001CE2E8 /* PowerfulVirtualBackgroundTests.swift */,
				8F9612F726F5938C001CE2E8 /* Info.plist */,
			);
			path = PowerfulVirtualBackgroundTests;
			sourceTree = "<group>";
		};
		8F9612FF26F5938C001CE2E8 /* PowerfulVirtualBackgroundUITests */ = {
			isa = PBXGroup;
			children = (
				8F96130026F5938C001CE2E8 /* PowerfulVirtualBackgroundUITests.swift */,
				8F96130226F5938C001CE2E8 /* Info.plist */,
			);
			path = PowerfulVirtualBackgroundUITests;
			sourceTree = "<group>";
		};
/* End PBXGroup section */

/* Begin PBXNativeTarget section */
		8F9612DE26F59389001CE2E8 /* PowerfulVirtualBackground */ = {
			isa = PBXNativeTarget;
			buildConfigurationList = 8F96130526F5938C001CE2E8 /* Build configuration list for PBXNativeTarget "PowerfulVirtualBackground" */;
			buildPhases = (
				8F9612DB26F59389001CE2E8 /* Sources */,
				8F9612DC26F59389001CE2E8 /* Frameworks */,
				8F9612DD26F59389001CE2E8 /* Resources */,
			);
			buildRules = (
			);
			dependencies = (
			);
			name = PowerfulVirtualBackground;
			productName = PowerfulVirtualBackground;
			productReference = 8F9612DF26F59389001CE2E8 /* PowerfulVirtualBackground.app */;
			productType = "com.apple.product-type.application";
		};
		8F9612F026F5938C001CE2E8 /* PowerfulVirtualBackgroundTests */ = {
			isa = PBXNativeTarget;
			buildConfigurationList = 8F96130826F5938C001CE2E8 /* Build configuration list for PBXNativeTarget "PowerfulVirtualBackgroundTests" */;
			buildPhases = (
				8F9612ED26F5938C001CE2E8 /* Sources */,
				8F9612EE26F5938C001CE2E8 /* Frameworks */,
				8F9612EF26F5938C001CE2E8 /* Resources */,
			);
			buildRules = (
			);
			dependencies = (
				8F9612F326F5938C001CE2E8 /* PBXTargetDependency */,
			);
			name = PowerfulVirtualBackgroundTests;
			productName = PowerfulVirtualBackgroundTests;
			productReference = 8F9612F126F5938C001CE2E8 /* PowerfulVirtualBackgroundTests.xctest */;
			productType = "com.apple.product-type.bundle.unit-test";
		};
		8F9612FB26F5938C001CE2E8 /* PowerfulVirtualBackgroundUITests */ = {
			isa = PBXNativeTarget;
			buildConfigurationList = 8F96130B26F5938C001CE2E8 /* Build configuration list for PBXNativeTarget "PowerfulVirtualBackgroundUITests" */;
			buildPhases = (
				8F9612F826F5938C001CE2E8 /* Sources */,
				8F9612F926F5938C001CE2E8 /* Frameworks */,
				8F9612FA26F5938C001CE2E8 /* Resources */,
			);
			buildRules = (
			);
			dependencies = (
				8F9612FE26F5938C001CE2E8 /* PBXTargetDependency */,
			);
			name = PowerfulVirtualBackgroundUITests;
			productName = PowerfulVirtualBackgroundUITests;
			productReference = 8F9612FC26F5938C001CE2E8 /* PowerfulVirtualBackgroundUITests.xctest */;
			productType = "com.apple.product-type.bundle.ui-testing";
		};
/* End PBXNativeTarget section */

/* Begin PBXProject section */
		8F9612D726F59389001CE2E8 /* Project object */ = {
			isa = PBXProject;
			attributes = {
				LastSwiftUpdateCheck = 1250;
				LastUpgradeCheck = 1250;
				TargetAttributes = {
					8F9612DE26F59389001CE2E8 = {
						CreatedOnToolsVersion = 12.5.1;
					};
					8F9612F026F5938C001CE2E8 = {
						CreatedOnToolsVersion = 12.5.1;
						TestTargetID = 8F9612DE26F59389001CE2E8;
					};
					8F9612FB26F5938C001CE2E8 = {
						CreatedOnToolsVersion = 12.5.1;
						TestTargetID = 8F9612DE26F59389001CE2E8;
					};
				};
			};
			buildConfigurationList = 8F9612DA26F59389001CE2E8 /* Build configuration list for PBXProject "PowerfulVirtualBackground" */;
			compatibilityVersion = "Xcode 9.3";
			developmentRegion = en;
			hasScannedForEncodings = 0;
			knownRegions = (
				en,
				Base,
			);
			mainGroup = 8F9612D626F59389001CE2E8;
			productRefGroup = 8F9612E026F59389001CE2E8 /* Products */;
			projectDirPath = "";
			projectRoot = "";
			targets = (
				8F9612DE26F59389001CE2E8 /* PowerfulVirtualBackground */,
				8F9612F026F5938C001CE2E8 /* PowerfulVirtualBackgroundTests */,
				8F9612FB26F5938C001CE2E8 /* PowerfulVirtualBackgroundUITests */,
			);
		};
/* End PBXProject section */

/* Begin PBXResourcesBuildPhase section */
		8F9612DD26F59389001CE2E8 /* Resources */ = {
			isa = PBXResourcesBuildPhase;
			buildActionMask = 2147483647;
			files = (
				8F9612EA26F5938B001CE2E8 /* Preview Assets.xcassets in Resources */,
				8F9612E726F5938B001CE2E8 /* Assets.xcassets in Resources */,
			);
			runOnlyForDeploymentPostprocessing = 0;
		};
		8F9612EF26F5938C001CE2E8 /* Resources */ = {
			isa = PBXResourcesBuildPhase;
			buildActionMask = 2147483647;
			files = (
			);
			runOnlyForDeploymentPostprocessing = 0;
		};
		8F9612FA26F5938C001CE2E8 /* Resources */ = {
			isa = PBXResourcesBuildPhase;
			buildActionMask = 2147483647;
			files = (
			);
			runOnlyForDeploymentPostprocessing = 0;
		};
/* End PBXResourcesBuildPhase section */

/* Begin PBXSourcesBuildPhase section */
		8F9612DB26F59389001CE2E8 /* Sources */ = {
			isa = PBXSourcesBuildPhase;
			buildActionMask = 2147483647;
			files = (
				8F96130F26F5961B001CE2E8 /* CameraPreview.swift in Sources */,
				8F9612E526F59389001CE2E8 /* ContentView.swift in Sources */,
				8F96131D26F616AE001CE2E8 /* rvm_mobilenetv3_1280x720_s0.375_fp16.mlmodel in Sources */,
				8F96131326F59A23001CE2E8 /* Config.swift in Sources */,
				8F96131126F5970B001CE2E8 /* CameraPreviewInternal.swift in Sources */,
				8F96131F26F61FBE001CE2E8 /* Image+Extension.swift in Sources */,
				8F9612E326F59389001CE2E8 /* PowerfulVirtualBackgroundApp.swift in Sources */,
			);
			runOnlyForDeploymentPostprocessing = 0;
		};
		8F9612ED26F5938C001CE2E8 /* Sources */ = {
			isa = PBXSourcesBuildPhase;
			buildActionMask = 2147483647;
			files = (
				8F9612F626F5938C001CE2E8 /* PowerfulVirtualBackgroundTests.swift in Sources */,
			);
			runOnlyForDeploymentPostprocessing = 0;
		};
		8F9612F826F5938C001CE2E8 /* Sources */ = {
			isa = PBXSourcesBuildPhase;
			buildActionMask = 2147483647;
			files = (
				8F96130126F5938C001CE2E8 /* PowerfulVirtualBackgroundUITests.swift in Sources */,
			);
			runOnlyForDeploymentPostprocessing = 0;
		};
/* End PBXSourcesBuildPhase section */

/* Begin PBXTargetDependency section */
		8F9612F326F5938C001CE2E8 /* PBXTargetDependency */ = {
			isa = PBXTargetDependency;
			target = 8F9612DE26F59389001CE2E8 /* PowerfulVirtualBackground */;
			targetProxy = 8F9612F226F5938C001CE2E8 /* PBXContainerItemProxy */;
		};
		8F9612FE26F5938C001CE2E8 /* PBXTargetDependency */ = {
			isa = PBXTargetDependency;
			target = 8F9612DE26F59389001CE2E8 /* PowerfulVirtualBackground */;
			targetProxy = 8F9612FD26F5938C001CE2E8 /* PBXContainerItemProxy */;
		};
/* End PBXTargetDependency section */

/* Begin XCBuildConfiguration section */
		8F96130326F5938C001CE2E8 /* Debug */ = {
			isa = XCBuildConfiguration;
			buildSettings = {
				ALWAYS_SEARCH_USER_PATHS = NO;
				CLANG_ANALYZER_NONNULL = YES;
				CLANG_ANALYZER_NUMBER_OBJECT_CONVERSION = YES_AGGRESSIVE;
				CLANG_CXX_LANGUAGE_STANDARD = "gnu++14";
				CLANG_CXX_LIBRARY = "libc++";
				CLANG_ENABLE_MODULES = YES;
				CLANG_ENABLE_OBJC_ARC = YES;
				CLANG_ENABLE_OBJC_WEAK = YES;
				CLANG_WARN_BLOCK_CAPTURE_AUTORELEASING = YES;
				CLANG_WARN_BOOL_CONVERSION = YES;
				CLANG_WARN_COMMA = YES;
				CLANG_WARN_CONSTANT_CONVERSION = YES;
				CLANG_WARN_DEPRECATED_OBJC_IMPLEMENTATIONS = YES;
				CLANG_WARN_DIRECT_OBJC_ISA_USAGE = YES_ERROR;
				CLANG_WARN_DOCUMENTATION_COMMENTS = YES;
				CLANG_WARN_EMPTY_BODY = YES;
				CLANG_WARN_ENUM_CONVERSION = YES;
				CLANG_WARN_INFINITE_RECURSION = YES;
				CLANG_WARN_INT_CONVERSION = YES;
				CLANG_WARN_NON_LITERAL_NULL_CONVERSION = YES;
				CLANG_WARN_OBJC_IMPLICIT_RETAIN_SELF = YES;
				CLANG_WARN_OBJC_LITERAL_CONVERSION = YES;
				CLANG_WARN_OBJC_ROOT_CLASS = YES_ERROR;
				CLANG_WARN_QUOTED_INCLUDE_IN_FRAMEWORK_HEADER = YES;
				CLANG_WARN_RANGE_LOOP_ANALYSIS = YES;
				CLANG_WARN_STRICT_PROTOTYPES = YES;
				CLANG_WARN_SUSPICIOUS_MOVE = YES;
				CLANG_WARN_UNGUARDED_AVAILABILITY = YES_AGGRESSIVE;
				CLANG_WARN_UNREACHABLE_CODE = YES;
				CLANG_WARN__DUPLICATE_METHOD_MATCH = YES;
				COPY_PHASE_STRIP = NO;
				DEBUG_INFORMATION_FORMAT = dwarf;
				ENABLE_STRICT_OBJC_MSGSEND = YES;
				ENABLE_TESTABILITY = YES;
				GCC_C_LANGUAGE_STANDARD = gnu11;
				GCC_DYNAMIC_NO_PIC = NO;
				GCC_NO_COMMON_BLOCKS = YES;
				GCC_OPTIMIZATION_LEVEL = 0;
				GCC_PREPROCESSOR_DEFINITIONS = (
					"DEBUG=1",
					"$(inherited)",
				);
				GCC_WARN_64_TO_32_BIT_CONVERSION = YES;
				GCC_WARN_ABOUT_RETURN_TYPE = YES_ERROR;
				GCC_WARN_UNDECLARED_SELECTOR = YES;
				GCC_WARN_UNINITIALIZED_AUTOS = YES_AGGRESSIVE;
				GCC_WARN_UNUSED_FUNCTION = YES;
				GCC_WARN_UNUSED_VARIABLE = YES;
				MACOSX_DEPLOYMENT_TARGET = 11.3;
				MTL_ENABLE_DEBUG_INFO = INCLUDE_SOURCE;
				MTL_FAST_MATH = YES;
				ONLY_ACTIVE_ARCH = YES;
				SDKROOT = macosx;
				SWIFT_ACTIVE_COMPILATION_CONDITIONS = DEBUG;
				SWIFT_OPTIMIZATION_LEVEL = "-Onone";
			};
			name = Debug;
		};
		8F96130426F5938C001CE2E8 /* Release */ = {
			isa = XCBuildConfiguration;
			buildSettings = {
				ALWAYS_SEARCH_USER_PATHS = NO;
				CLANG_ANALYZER_NONNULL = YES;
				CLANG_ANALYZER_NUMBER_OBJECT_CONVERSION = YES_AGGRESSIVE;
				CLANG_CXX_LANGUAGE_STANDARD = "gnu++14";
				CLANG_CXX_LIBRARY = "libc++";
				CLANG_ENABLE_MODULES = YES;
				CLANG_ENABLE_OBJC_ARC = YES;
				CLANG_ENABLE_OBJC_WEAK = YES;
				CLANG_WARN_BLOCK_CAPTURE_AUTORELEASING = YES;
				CLANG_WARN_BOOL_CONVERSION = YES;
				CLANG_WARN_COMMA = YES;
				CLANG_WARN_CONSTANT_CONVERSION = YES;
				CLANG_WARN_DEPRECATED_OBJC_IMPLEMENTATIONS = YES;
				CLANG_WARN_DIRECT_OBJC_ISA_USAGE = YES_ERROR;
				CLANG_WARN_DOCUMENTATION_COMMENTS = YES;
				CLANG_WARN_EMPTY_BODY = YES;
				CLANG_WARN_ENUM_CONVERSION = YES;
				CLANG_WARN_INFINITE_RECURSION = YES;
				CLANG_WARN_INT_CONVERSION = YES;
				CLANG_WARN_NON_LITERAL_NULL_CONVERSION = YES;
				CLANG_WARN_OBJC_IMPLICIT_RETAIN_SELF = YES;
				CLANG_WARN_OBJC_LITERAL_CONVERSION = YES;
				CLANG_WARN_OBJC_ROOT_CLASS = YES_ERROR;
				CLANG_WARN_QUOTED_INCLUDE_IN_FRAMEWORK_HEADER = YES;
				CLANG_WARN_RANGE_LOOP_ANALYSIS = YES;
				CLANG_WARN_STRICT_PROTOTYPES = YES;
				CLANG_WARN_SUSPICIOUS_MOVE = YES;
				CLANG_WARN_UNGUARDED_AVAILABILITY = YES_AGGRESSIVE;
				CLANG_WARN_UNREACHABLE_CODE = YES;
				CLANG_WARN__DUPLICATE_METHOD_MATCH = YES;
				COPY_PHASE_STRIP = NO;
				DEBUG_INFORMATION_FORMAT = "dwarf-with-dsym";
				ENABLE_NS_ASSERTIONS = NO;
				ENABLE_STRICT_OBJC_MSGSEND = YES;
				GCC_C_LANGUAGE_STANDARD = gnu11;
				GCC_NO_COMMON_BLOCKS = YES;
				GCC_WARN_64_TO_32_BIT_CONVERSION = YES;
				GCC_WARN_ABOUT_RETURN_TYPE = YES_ERROR;
				GCC_WARN_UNDECLARED_SELECTOR = YES;
				GCC_WARN_UNINITIALIZED_AUTOS = YES_AGGRESSIVE;
				GCC_WARN_UNUSED_FUNCTION = YES;
				GCC_WARN_UNUSED_VARIABLE = YES;
				MACOSX_DEPLOYMENT_TARGET = 11.3;
				MTL_ENABLE_DEBUG_INFO = NO;
				MTL_FAST_MATH = YES;
				SDKROOT = macosx;
				SWIFT_COMPILATION_MODE = wholemodule;
				SWIFT_OPTIMIZATION_LEVEL = "-O";
			};
			name = Release;
		};
		8F96130626F5938C001CE2E8 /* Debug */ = {
			isa = XCBuildConfiguration;
			buildSettings = {
				ASSETCATALOG_COMPILER_APPICON_NAME = AppIcon;
				ASSETCATALOG_COMPILER_GLOBAL_ACCENT_COLOR_NAME = AccentColor;
				CODE_SIGN_ENTITLEMENTS = PowerfulVirtualBackground/PowerfulVirtualBackground.entitlements;
				CODE_SIGN_STYLE = Automatic;
				COMBINE_HIDPI_IMAGES = YES;
				DEVELOPMENT_ASSET_PATHS = "\"PowerfulVirtualBackground/Preview Content\"";
				DEVELOPMENT_TEAM = 75STC66VW4;
				ENABLE_HARDENED_RUNTIME = YES;
				ENABLE_PREVIEWS = YES;
				INFOPLIST_FILE = PowerfulVirtualBackground/Info.plist;
				LD_RUNPATH_SEARCH_PATHS = (
					"$(inherited)",
					"@executable_path/../Frameworks",
				);
				MACOSX_DEPLOYMENT_TARGET = 11.0;
				PRODUCT_BUNDLE_IDENTIFIER = com.toshiki.PowerfulVirtualBackground;
				PRODUCT_NAME = "$(TARGET_NAME)";
				SWIFT_VERSION = 5.0;
			};
			name = Debug;
		};
		8F96130726F5938C001CE2E8 /* Release */ = {
			isa = XCBuildConfiguration;
			buildSettings = {
				ASSETCATALOG_COMPILER_APPICON_NAME = AppIcon;
				ASSETCATALOG_COMPILER_GLOBAL_ACCENT_COLOR_NAME = AccentColor;
				CODE_SIGN_ENTITLEMENTS = PowerfulVirtualBackground/PowerfulVirtualBackground.entitlements;
				CODE_SIGN_STYLE = Automatic;
				COMBINE_HIDPI_IMAGES = YES;
				DEVELOPMENT_ASSET_PATHS = "\"PowerfulVirtualBackground/Preview Content\"";
				DEVELOPMENT_TEAM = 75STC66VW4;
				ENABLE_HARDENED_RUNTIME = YES;
				ENABLE_PREVIEWS = YES;
				INFOPLIST_FILE = PowerfulVirtualBackground/Info.plist;
				LD_RUNPATH_SEARCH_PATHS = (
					"$(inherited)",
					"@executable_path/../Frameworks",
				);
				MACOSX_DEPLOYMENT_TARGET = 11.0;
				PRODUCT_BUNDLE_IDENTIFIER = com.toshiki.PowerfulVirtualBackground;
				PRODUCT_NAME = "$(TARGET_NAME)";
				SWIFT_VERSION = 5.0;
			};
			name = Release;
		};
		8F96130926F5938C001CE2E8 /* Debug */ = {
			isa = XCBuildConfiguration;
			buildSettings = {
				ALWAYS_EMBED_SWIFT_STANDARD_LIBRARIES = YES;
				BUNDLE_LOADER = "$(TEST_HOST)";
				CODE_SIGN_STYLE = Automatic;
				COMBINE_HIDPI_IMAGES = YES;
				DEVELOPMENT_TEAM = 75STC66VW4;
				INFOPLIST_FILE = PowerfulVirtualBackgroundTests/Info.plist;
				LD_RUNPATH_SEARCH_PATHS = (
					"$(inherited)",
					"@executable_path/../Frameworks",
					"@loader_path/../Frameworks",
				);
				MACOSX_DEPLOYMENT_TARGET = 11.0;
				PRODUCT_BUNDLE_IDENTIFIER = com.toshiki.PowerfulVirtualBackgroundTests;
				PRODUCT_NAME = "$(TARGET_NAME)";
				SWIFT_VERSION = 5.0;
				TEST_HOST = "$(BUILT_PRODUCTS_DIR)/PowerfulVirtualBackground.app/Contents/MacOS/PowerfulVirtualBackground";
			};
			name = Debug;
		};
		8F96130A26F5938C001CE2E8 /* Release */ = {
			isa = XCBuildConfiguration;
			buildSettings = {
				ALWAYS_EMBED_SWIFT_STANDARD_LIBRARIES = YES;
				BUNDLE_LOADER = "$(TEST_HOST)";
				CODE_SIGN_STYLE = Automatic;
				COMBINE_HIDPI_IMAGES = YES;
				DEVELOPMENT_TEAM = 75STC66VW4;
				INFOPLIST_FILE = PowerfulVirtualBackgroundTests/Info.plist;
				LD_RUNPATH_SEARCH_PATHS = (
					"$(inherited)",
					"@executable_path/../Frameworks",
					"@loader_path/../Frameworks",
				);
				MACOSX_DEPLOYMENT_TARGET = 11.0;
				PRODUCT_BUNDLE_IDENTIFIER = com.toshiki.PowerfulVirtualBackgroundTests;
				PRODUCT_NAME = "$(TARGET_NAME)";
				SWIFT_VERSION = 5.0;
				TEST_HOST = "$(BUILT_PRODUCTS_DIR)/PowerfulVirtualBackground.app/Contents/MacOS/PowerfulVirtualBackground";
			};
			name = Release;
		};
		8F96130C26F5938C001CE2E8 /* Debug */ = {
			isa = XCBuildConfiguration;
			buildSettings = {
				ALWAYS_EMBED_SWIFT_STANDARD_LIBRARIES = YES;
				CODE_SIGN_STYLE = Automatic;
				COMBINE_HIDPI_IMAGES = YES;
				DEVELOPMENT_TEAM = 75STC66VW4;
				INFOPLIST_FILE = PowerfulVirtualBackgroundUITests/Info.plist;
				LD_RUNPATH_SEARCH_PATHS = (
					"$(inherited)",
					"@executable_path/../Frameworks",
					"@loader_path/../Frameworks",
				);
				PRODUCT_BUNDLE_IDENTIFIER = com.toshiki.PowerfulVirtualBackgroundUITests;
				PRODUCT_NAME = "$(TARGET_NAME)";
				SWIFT_VERSION = 5.0;
				TEST_TARGET_NAME = PowerfulVirtualBackground;
			};
			name = Debug;
		};
		8F96130D26F5938C001CE2E8 /* Release */ = {
			isa = XCBuildConfiguration;
			buildSettings = {
				ALWAYS_EMBED_SWIFT_STANDARD_LIBRARIES = YES;
				CODE_SIGN_STYLE = Automatic;
				COMBINE_HIDPI_IMAGES = YES;
				DEVELOPMENT_TEAM = 75STC66VW4;
				INFOPLIST_FILE = PowerfulVirtualBackgroundUITests/Info.plist;
				LD_RUNPATH_SEARCH_PATHS = (
					"$(inherited)",
					"@executable_path/../Frameworks",
					"@loader_path/../Frameworks",
				);
				PRODUCT_BUNDLE_IDENTIFIER = com.toshiki.PowerfulVirtualBackgroundUITests;
				PRODUCT_NAME = "$(TARGET_NAME)";
				SWIFT_VERSION = 5.0;
				TEST_TARGET_NAME = PowerfulVirtualBackground;
			};
			name = Release;
		};
/* End XCBuildConfiguration section */

/* Begin XCConfigurationList section */
		8F9612DA26F59389001CE2E8 /* Build configuration list for PBXProject "PowerfulVirtualBackground" */ = {
			isa = XCConfigurationList;
			buildConfigurations = (
				8F96130326F5938C001CE2E8 /* Debug */,
				8F96130426F5938C001CE2E8 /* Release */,
			);
			defaultConfigurationIsVisible = 0;
			defaultConfigurationName = Release;
		};
		8F96130526F5938C001CE2E8 /* Build configuration list for PBXNativeTarget "PowerfulVirtualBackground" */ = {
			isa = XCConfigurationList;
			buildConfigurations = (
				8F96130626F5938C001CE2E8 /* Debug */,
				8F96130726F5938C001CE2E8 /* Release */,
			);
			defaultConfigurationIsVisible = 0;
			defaultConfigurationName = Release;
		};
		8F96130826F5938C001CE2E8 /* Build configuration list for PBXNativeTarget "PowerfulVirtualBackgroundTests" */ = {
			isa = XCConfigurationList;
			buildConfigurations = (
				8F96130926F5938C001CE2E8 /* Debug */,
				8F96130A26F5938C001CE2E8 /* Release */,
			);
			defaultConfigurationIsVisible = 0;
			defaultConfigurationName = Release;
		};
		8F96130B26F5938C001CE2E8 /* Build configuration list for PBXNativeTarget "PowerfulVirtualBackgroundUITests" */ = {
			isa = XCConfigurationList;
			buildConfigurations = (
				8F96130C26F5938C001CE2E8 /* Debug */,
				8F96130D26F5938C001CE2E8 /* Release */,
			);
			defaultConfigurationIsVisible = 0;
			defaultConfigurationName = Release;
		};
/* End XCConfigurationList section */
	};
	rootObject = 8F9612D726F59389001CE2E8 /* Project object */;
}
